
Microsoft Visual Studio Solution File, Format Version 12.00
# Visual Studio Version 17
VisualStudioVersion = 17.14.36119.2 d17.14
MinimumVisualStudioVersion = 10.0.40219.1
Project("{FAE04EC0-301F-11D3-BF4B-00C04F79EFBC}") = "McpClient", "McpClient.csproj", "{1B770E77-E7E4-449D-92D7-C6936F2C8F5B}"
EndProject
Global
	GlobalSection(SolutionConfigurationPlatforms) = preSolution
		Debug|Any CPU = Debug|Any CPU
		Release|Any CPU = Release|Any CPU
	EndGlobalSection
	GlobalSection(ProjectConfigurationPlatforms) = postSolution
		{1B770E77-E7E4-449D-92D7-C6936F2C8F5B}.Debug|Any CPU.ActiveCfg = Debug|Any CPU
		{1B770E77-E7E4-449D-92D7-C6936F2C8F5B}.Debug|Any CPU.Build.0 = Debug|Any CPU
		{1B770E77-E7E4-449D-92D7-C6936F2C8F5B}.Release|Any CPU.ActiveCfg = Release|Any CPU
		{1B770E77-E7E4-449D-92D7-C6936F2C8F5B}.Release|Any CPU.Build.0 = Release|Any CPU
	EndGlobalSection
	GlobalSection(SolutionProperties) = preSolution
		HideSolutionNode = FALSE
	EndGlobalSection
	GlobalSection(ExtensibilityGlobals) = postSolution
		SolutionGuid = {C9B6FA6E-449C-4D1E-8469-0B79358A971B}
	EndGlobalSection
EndGlobal
